{
  "version": 4,
  "terraform_version": "1.2.7",
  "serial": 28,
  "lineage": "11aea5f3-ea81-9ad4-3a21-86cb0e7d67fd",
  "outputs": {},
  "resources": [
    {
      "module": "module.google_networks",
      "mode": "managed",
      "type": "google_compute_network",
      "name": "vpc",
      "provider": "provider[\"registry.terraform.io/hashicorp/google\"]",
      "instances": [
        {
          "schema_version": 0,
          "attributes": {
            "auto_create_subnetworks": false,
            "delete_default_routes_on_create": true,
            "description": "",
            "gateway_ipv4": "",
            "id": "projects/iaas-374514/global/networks/microservicos",
            "mtu": 0,
            "name": "microservicos",
            "project": "iaas-374514",
            "routing_mode": "GLOBAL",
            "self_link": "https://www.googleapis.com/compute/v1/projects/iaas-374514/global/networks/microservicos",
            "timeouts": null
          },
          "sensitive_attributes": [],
          "private": "eyJlMmJmYjczMC1lY2FhLTExZTYtOGY4OC0zNDM2M2JjN2M0YzAiOnsiY3JlYXRlIjoyNDAwMDAwMDAwMDAsImRlbGV0ZSI6MjQwMDAwMDAwMDAwLCJ1cGRhdGUiOjI0MDAwMDAwMDAwMH19"
        }
      ]
    },
    {
      "module": "module.google_networks",
      "mode": "managed",
      "type": "google_compute_route",
      "name": "egress_internet",
      "provider": "provider[\"registry.terraform.io/hashicorp/google\"]",
      "instances": [
        {
          "schema_version": 0,
          "attributes": {
            "description": "",
            "dest_range": "0.0.0.0/0",
            "id": "projects/iaas-374514/global/routes/egress-internet",
            "name": "egress-internet",
            "network": "https://www.googleapis.com/compute/v1/projects/iaas-374514/global/networks/microservicos",
            "next_hop_gateway": "https://www.googleapis.com/compute/v1/projects/iaas-374514/global/gateways/default-internet-gateway",
            "next_hop_ilb": "",
            "next_hop_instance": "",
            "next_hop_instance_zone": null,
            "next_hop_ip": "",
            "next_hop_network": "",
            "next_hop_vpn_tunnel": "",
            "priority": 1000,
            "project": "iaas-374514",
            "self_link": "https://www.googleapis.com/compute/v1/projects/iaas-374514/global/routes/egress-internet",
            "tags": null,
            "timeouts": null
          },
          "sensitive_attributes": [],
          "private": "eyJlMmJmYjczMC1lY2FhLTExZTYtOGY4OC0zNDM2M2JjN2M0YzAiOnsiY3JlYXRlIjoyNDAwMDAwMDAwMDAsImRlbGV0ZSI6MjQwMDAwMDAwMDAwfX0=",
          "dependencies": [
            "module.google_networks.google_compute_network.vpc"
          ]
        }
      ]
    },
    {
      "module": "module.google_networks",
      "mode": "managed",
      "type": "google_compute_router",
      "name": "router",
      "provider": "provider[\"registry.terraform.io/hashicorp/google\"]",
      "instances": [
        {
          "schema_version": 0,
          "attributes": {
            "bgp": [],
            "creation_timestamp": "2023-02-06T06:47:48.324-08:00",
            "description": "",
            "id": "projects/iaas-374514/regions/us-east1/routers/microservicos-router",
            "name": "microservicos-router",
            "network": "https://www.googleapis.com/compute/v1/projects/iaas-374514/global/networks/microservicos",
            "project": "iaas-374514",
            "region": "us-east1",
            "self_link": "https://www.googleapis.com/compute/v1/projects/iaas-374514/regions/us-east1/routers/microservicos-router",
            "timeouts": null
          },
          "sensitive_attributes": [],
          "private": "eyJlMmJmYjczMC1lY2FhLTExZTYtOGY4OC0zNDM2M2JjN2M0YzAiOnsiY3JlYXRlIjoyNDAwMDAwMDAwMDAsImRlbGV0ZSI6MjQwMDAwMDAwMDAwLCJ1cGRhdGUiOjI0MDAwMDAwMDAwMH19",
          "dependencies": [
            "module.google_networks.google_compute_network.vpc",
            "module.google_networks.google_compute_subnetwork.subnet"
          ]
        }
      ]
    },
    {
      "module": "module.google_networks",
      "mode": "managed",
      "type": "google_compute_router_nat",
      "name": "nat_router",
      "provider": "provider[\"registry.terraform.io/hashicorp/google\"]",
      "instances": [
        {
          "schema_version": 0,
          "attributes": {
            "drain_nat_ips": [],
            "icmp_idle_timeout_sec": 30,
            "id": "iaas-374514/us-east1/microservicos-router/microservicos-subnet-nat-router",
            "log_config": [],
            "min_ports_per_vm": 0,
            "name": "microservicos-subnet-nat-router",
            "nat_ip_allocate_option": "AUTO_ONLY",
            "nat_ips": [],
            "project": "iaas-374514",
            "region": null,
            "router": "microservicos-router",
            "source_subnetwork_ip_ranges_to_nat": "LIST_OF_SUBNETWORKS",
            "subnetwork": [
              {
                "name": "https://www.googleapis.com/compute/v1/projects/iaas-374514/regions/us-east1/subnetworks/microservicos-subnet",
                "secondary_ip_range_names": [],
                "source_ip_ranges_to_nat": [
                  "ALL_IP_RANGES"
                ]
              }
            ],
            "tcp_established_idle_timeout_sec": 1200,
            "tcp_transitory_idle_timeout_sec": 30,
            "timeouts": null,
            "udp_idle_timeout_sec": 30
          },
          "sensitive_attributes": [],
          "private": "eyJlMmJmYjczMC1lY2FhLTExZTYtOGY4OC0zNDM2M2JjN2M0YzAiOnsiY3JlYXRlIjo2MDAwMDAwMDAwMDAsImRlbGV0ZSI6NjAwMDAwMDAwMDAwLCJ1cGRhdGUiOjYwMDAwMDAwMDAwMH19",
          "dependencies": [
            "module.google_networks.google_compute_network.vpc",
            "module.google_networks.google_compute_router.router",
            "module.google_networks.google_compute_subnetwork.subnet"
          ]
        }
      ]
    },
    {
      "module": "module.google_networks",
      "mode": "managed",
      "type": "google_compute_subnetwork",
      "name": "subnet",
      "provider": "provider[\"registry.terraform.io/hashicorp/google\"]",
      "instances": [
        {
          "schema_version": 0,
          "attributes": {
            "creation_timestamp": "2023-02-06T06:47:34.031-08:00",
            "description": "",
            "fingerprint": null,
            "gateway_address": "10.0.0.1",
            "id": "projects/iaas-374514/regions/us-east1/subnetworks/microservicos-subnet",
            "ip_cidr_range": "10.0.0.0/24",
            "log_config": [],
            "name": "microservicos-subnet",
            "network": "https://www.googleapis.com/compute/v1/projects/iaas-374514/global/networks/microservicos",
            "private_ip_google_access": true,
            "private_ipv6_google_access": "DISABLE_GOOGLE_ACCESS",
            "project": "iaas-374514",
            "region": "us-east1",
            "secondary_ip_range": [],
            "self_link": "https://www.googleapis.com/compute/v1/projects/iaas-374514/regions/us-east1/subnetworks/microservicos-subnet",
            "timeouts": null
          },
          "sensitive_attributes": [],
          "private": "eyJlMmJmYjczMC1lY2FhLTExZTYtOGY4OC0zNDM2M2JjN2M0YzAiOnsiY3JlYXRlIjozNjAwMDAwMDAwMDAsImRlbGV0ZSI6MzYwMDAwMDAwMDAwLCJ1cGRhdGUiOjM2MDAwMDAwMDAwMH19",
          "dependencies": [
            "module.google_networks.google_compute_network.vpc"
          ]
        }
      ]
    }
  ]
}
